Microsoft Visual Studio Solution File, Format Version 12.00
# Visual Studio Version 17
VisualStudioVersion = 17.0.31912.275
MinimumVisualStudioVersion = 10.0.40219.1
Project("{FAE04EC0-301F-11D3-BF4B-00C04F79EFBC}") = "Core.Domain", "Core.Domain/Core.Domain.csproj", "{3F3AA231-DAC6-4612-9A06-A009558E7FD7}"
EndProject
Project("{FAE04EC0-301F-11D3-BF4B-00C04F79EFBC}") = "Core.Services", "Core.Services/Core.Services.csproj", "{DA64CCD2-C82A-4ADE-8D3F-F5E366801F8B}"
EndProject
Project("{FAE04EC0-301F-11D3-BF4B-00C04F79EFBC}") = "Hardware", "Hardware/Hardware.csproj", "{BD7D101D-153D-4C4E-B3F7-470332098AF6}"
EndProject
Project("{FAE04EC0-301F-11D3-BF4B-00C04F79EFBC}") = "UI", "UI/UI.csproj", "{2BCA725B-4BDD-4856-A9EB-2DFF971D7E98}"
EndProject
Project("{FAE04EC0-301F-11D3-BF4B-00C04F79EFBC}") = "Tests", "Tests/Tests.csproj", "{A00F74AE-FAF2-4F88-8C0D-1D5D8F37EA9C}"
EndProject
Global
    GlobalSection(SolutionConfigurationPlatforms) = preSolution
        Debug|Any CPU = Debug|Any CPU
        Release|Any CPU = Release|Any CPU
    EndGlobalSection
    GlobalSection(ProjectConfigurationPlatforms) = postSolution
        {3F3AA231-DAC6-4612-9A06-A009558E7FD7}.Debug|Any CPU.ActiveCfg = Debug|Any CPU
        {3F3AA231-DAC6-4612-9A06-A009558E7FD7}.Debug|Any CPU.Build.0 = Debug|Any CPU
        {3F3AA231-DAC6-4612-9A06-A009558E7FD7}.Release|Any CPU.ActiveCfg = Release|Any CPU
        {3F3AA231-DAC6-4612-9A06-A009558E7FD7}.Release|Any CPU.Build.0 = Release|Any CPU
        {DA64CCD2-C82A-4ADE-8D3F-F5E366801F8B}.Debug|Any CPU.ActiveCfg = Debug|Any CPU
        {DA64CCD2-C82A-4ADE-8D3F-F5E366801F8B}.Debug|Any CPU.Build.0 = Debug|Any CPU
        {DA64CCD2-C82A-4ADE-8D3F-F5E366801F8B}.Release|Any CPU.ActiveCfg = Release|Any CPU
        {DA64CCD2-C82A-4ADE-8D3F-F5E366801F8B}.Release|Any CPU.Build.0 = Release|Any CPU
        {BD7D101D-153D-4C4E-B3F7-470332098AF6}.Debug|Any CPU.ActiveCfg = Debug|Any CPU
        {BD7D101D-153D-4C4E-B3F7-470332098AF6}.Debug|Any CPU.Build.0 = Debug|Any CPU
        {BD7D101D-153D-4C4E-B3F7-470332098AF6}.Release|Any CPU.ActiveCfg = Release|Any CPU
        {BD7D101D-153D-4C4E-B3F7-470332098AF6}.Release|Any CPU.Build.0 = Release|Any CPU
        {2BCA725B-4BDD-4856-A9EB-2DFF971D7E98}.Debug|Any CPU.ActiveCfg = Debug|Any CPU
        {2BCA725B-4BDD-4856-A9EB-2DFF971D7E98}.Debug|Any CPU.Build.0 = Debug|Any CPU
        {2BCA725B-4BDD-4856-A9EB-2DFF971D7E98}.Release|Any CPU.ActiveCfg = Release|Any CPU
        {2BCA725B-4BDD-4856-A9EB-2DFF971D7E98}.Release|Any CPU.Build.0 = Release|Any CPU
        {A00F74AE-FAF2-4F88-8C0D-1D5D8F37EA9C}.Debug|Any CPU.ActiveCfg = Debug|Any CPU
        {A00F74AE-FAF2-4F88-8C0D-1D5D8F37EA9C}.Debug|Any CPU.Build.0 = Debug|Any CPU
        {A00F74AE-FAF2-4F88-8C0D-1D5D8F37EA9C}.Release|Any CPU.ActiveCfg = Release|Any CPU
        {A00F74AE-FAF2-4F88-8C0D-1D5D8F37EA9C}.Release|Any CPU.Build.0 = Release|Any CPU
    EndGlobalSection
EndGlobal
